// !$*UTF8*$!
{
	archiveVersion = 1;
	classes = {
	};
	objectVersion = 46;
	objects = {

/* Begin PBXBuildFile section */
		04A29BB41B6A3CE5006E6120 /* main.m in Sources */ = {isa = PBXBuildFile; fileRef = 04A29BB31B6A3CE5006E6120 /* main.m */; };
		04A29BB71B6A3CE5006E6120 /* AppDelegate.m in Sources */ = {isa = PBXBuildFile; fileRef = 04A29BB61B6A3CE5006E6120 /* AppDelegate.m */; };
		04A29BBA1B6A3CE5006E6120 /* ViewController.m in Sources */ = {isa = PBXBuildFile; fileRef = 04A29BB91B6A3CE5006E6120 /* ViewController.m */; };
		04A29BBD1B6A3CE5006E6120 /* Main.storyboard in Resources */ = {isa = PBXBuildFile; fileRef = 04A29BBB1B6A3CE5006E6120 /* Main.storyboard */; };
		04A29BBF1B6A3CE5006E6120 /* Images.xcassets in Resources */ = {isa = PBXBuildFile; fileRef = 04A29BBE1B6A3CE5006E6120 /* Images.xcassets */; };
		04A29BC21B6A3CE5006E6120 /* LaunchScreen.xib in Resources */ = {isa = PBXBuildFile; fileRef = 04A29BC01B6A3CE5006E6120 /* LaunchScreen.xib */; };
		04A29BCE1B6A3CE6006E6120 /* WDCSliderDemoTests.m in Sources */ = {isa = PBXBuildFile; fileRef = 04A29BCD1B6A3CE6006E6120 /* WDCSliderDemoTests.m */; };
/* End PBXBuildFile section */

/* Begin PBXContainerItemProxy section */
		04A29BC81B6A3CE6006E6120 /* PBXContainerItemProxy */ = {
			isa = PBXContainerItemProxy;
			containerPortal = 04A29BA61B6A3CE5006E6120 /* Project object */;
			proxyType = 1;
			remoteGlobalIDString = 04A29BAD1B6A3CE5006E6120;
			remoteInfo = WDCSliderDemo;
		};
/* End PBXContainerItemProxy section */

/* Begin PBXFileReference section */
		04A29BAE1B6A3CE5006E6120 /* WDCSliderDemo.app */ = {isa = PBXFileReference; explicitFileType = wrapper.application; includeInIndex = 0; path = WDCSliderDemo.app; sourceTree = BUILT_PRODUCTS_DIR; };
		04A29BB21B6A3CE5006E6120 /* Info.plist */ = {isa = PBXFileReference; lastKnownFileType = text.plist.xml; path = Info.plist; sourceTree = "<group>"; };
		04A29BB31B6A3CE5006E6120 /* main.m */ = {isa = PBXFileReference; lastKnownFileType = sourcecode.c.objc; path = main.m; sourceTree = "<group>"; };
		04A29BB51B6A3CE5006E6120 /* AppDelegate.h */ = {isa = PBXFileReference; lastKnownFileType = sourcecode.c.h; path = AppDelegate.h; sourceTree = "<group>"; };
		04A29BB61B6A3CE5006E6120 /* AppDelegate.m */ = {isa = PBXFileReference; lastKnownFileType = sourcecode.c.objc; path = AppDelegate.m; sourceTree = "<group>"; };
		04A29BB81B6A3CE5006E6120 /* ViewController.h */ = {isa = PBXFileReference; lastKnownFileType = sourcecode.c.h; path = ViewController.h; sourceTree = "<group>"; };
		04A29BB91B6A3CE5006E6120 /* ViewController.m */ = {isa = PBXFileReference; lastKnownFileType = sourcecode.c.objc; path = ViewController.m; sourceTree = "<group>"; };
		04A29BBC1B6A3CE5006E6120 /* Base */ = {isa = PBXFileReference; lastKnownFileType = file.storyboard; name = Base; path = Base.lproj/Main.storyboard; sourceTree = "<group>"; };
		04A29BBE1B6A3CE5006E6120 /* Images.xcassets */ = {isa = PBXFileReference; lastKnownFileType = folder.assetcatalog; path = Images.xcassets; sourceTree = "<group>"; };
		04A29BC11B6A3CE5006E6120 /* Base */ = {isa = PBXFileReference; lastKnownFileType = file.xib; name = Base; path = Base.lproj/LaunchScreen.xib; sourceTree = "<group>"; };
		04A29BC71B6A3CE6006E6120 /* WDCSliderDemoTests.xctest */ = {isa = PBXFileReference; explicitFileType = wrapper.cfbundle; includeInIndex = 0; path = WDCSliderDemoTests.xctest; sourceTree = BUILT_PRODUCTS_DIR; };
		04A29BCC1B6A3CE6006E6120 /* Info.plist */ = {isa = PBXFileReference; lastKnownFileType = text.plist.xml; path = Info.plist; sourceTree = "<group>"; };
		04A29BCD1B6A3CE6006E6120 /* WDCSliderDemoTests.m */ = {isa = PBXFileReference; lastKnownFileType = sourcecode.c.objc; path = WDCSliderDemoTests.m; sourceTree = "<group>"; };
/* End PBXFileReference section */

/* Begin PBXFrameworksBuildPhase section */
		04A29BAB1B6A3CE5006E6120 /* Frameworks */ = {
			isa = PBXFrameworksBuildPhase;
			buildActionMask = 2147483647;
			files = (
			);
			runOnlyForDeploymentPostprocessing = 0;
		};
		04A29BC41B6A3CE6006E6120 /* Frameworks */ = {
			isa = PBXFrameworksBuildPhase;
			buildActionMask = 2147483647;
			files = (
			);
			runOnlyForDeploymentPostprocessing = 0;
		};
/* End PBXFrameworksBuildPhase section */

/* Begin PBXGroup section */
		04A29BA51B6A3CE5006E6120 = {
			isa = PBXGroup;
			children = (
				04A29BB01B6A3CE5006E6120 /* WDCSliderDemo */,
				04A29BCA1B6A3CE6006E6120 /* WDCSliderDemoTests */,
				04A29BAF1B6A3CE5006E6120 /* Products */,
			);
			sourceTree = "<group>";
		};
		04A29BAF1B6A3CE5006E6120 /* Products */ = {
			isa = PBXGroup;
			children = (
				04A29BAE1B6A3CE5006E6120 /* WDCSliderDemo.app */,
				04A29BC71B6A3CE6006E6120 /* WDCSliderDemoTests.xctest */,
			);
			name = Products;
			sourceTree = "<group>";
		};
		04A29BB01B6A3CE5006E6120 /* WDCSliderDemo */ = {
			isa = PBXGroup;
			children = (
				04A29BB51B6A3CE5006E6120 /* AppDelegate.h */,
				04A29BB61B6A3CE5006E6120 /* AppDelegate.m */,
				04A29BB81B6A3CE5006E6120 /* ViewController.h */,
				04A29BB91B6A3CE5006E6120 /* ViewController.m */,
				04A29BBB1B6A3CE5006E6120 /* Main.storyboard */,
				04A29BBE1B6A3CE5006E6120 /* Images.xcassets */,
				04A29BC01B6A3CE5006E6120 /* LaunchScreen.xib */,
				04A29BB11B6A3CE5006E6120 /* Supporting Files */,
			);
			path = WDCSliderDemo;
			sourceTree = "<group>";
		};
		04A29BB11B6A3CE5006E6120 /* Supporting Files */ = {
			isa = PBXGroup;
			children = (
				04A29BB21B6A3CE5006E6120 /* Info.plist */,
				04A29BB31B6A3CE5006E6120 /* main.m */,
			);
			name = "Supporting Files";
			sourceTree = "<group>";
		};
		04A29BCA1B6A3CE6006E6120 /* WDCSliderDemoTests */ = {
			isa = PBXGroup;
			children = (
				04A29BCD1B6A3CE6006E6120 /* WDCSliderDemoTests.m */,
				04A29BCB1B6A3CE6006E6120 /* Supporting Files */,
			);
			path = WDCSliderDemoTests;
			sourceTree = "<group>";
		};
		04A29BCB1B6A3CE6006E6120 /* Supporting Files */ = {
			isa = PBXGroup;
			children = (
				04A29BCC1B6A3CE6006E6120 /* Info.plist */,
			);
			name = "Supporting Files";
			sourceTree = "<group>";
		};
/* End PBXGroup section */

/* Begin PBXNativeTarget section */
		04A29BAD1B6A3CE5006E6120 /* WDCSliderDemo */ = {
			isa = PBXNativeTarget;
			buildConfigurationList = 04A29BD11B6A3CE6006E6120 /* Build configuration list for PBXNativeTarget "WDCSliderDemo" */;
			buildPhases = (
				04A29BAA1B6A3CE5006E6120 /* Sources */,
				04A29BAB1B6A3CE5006E6120 /* Frameworks */,
				04A29BAC1B6A3CE5006E6120 /* Resources */,
			);
			buildRules = (
			);
			dependencies = (
			);
			name = WDCSliderDemo;
			productName = WDCSliderDemo;
			productReference = 04A29BAE1B6A3CE5006E6120 /* WDCSliderDemo.app */;
			productType = "com.apple.product-type.application";
		};
		04A29BC61B6A3CE6006E6120 /* WDCSliderDemoTests */ = {
			isa = PBXNativeTarget;
			buildConfigurationList = 04A29BD41B6A3CE6006E6120 /* Build configuration list for PBXNativeTarget "WDCSliderDemoTests" */;
			buildPhases = (
				04A29BC31B6A3CE6006E6120 /* Sources */,
				04A29BC41B6A3CE6006E6120 /* Frameworks */,
				04A29BC51B6A3CE6006E6120 /* Resources */,
			);
			buildRules = (
			);
			dependencies = (
				04A29BC91B6A3CE6006E6120 /* PBXTargetDependency */,
			);
			name = WDCSliderDemoTests;
			productName = WDCSliderDemoTests;
			productReference = 04A29BC71B6A3CE6006E6120 /* WDCSliderDemoTests.xctest */;
			productType = "com.apple.product-type.bundle.unit-test";
		};
/* End PBXNativeTarget section */

/* Begin PBXProject section */
		04A29BA61B6A3CE5006E6120 /* Project object */ = {
			isa = PBXProject;
			attributes = {
				LastUpgradeCheck = 0610;
				ORGANIZATIONNAME = FNST;
				TargetAttributes = {
					04A29BAD1B6A3CE5006E6120 = {
						CreatedOnToolsVersion = 6.1;
					};
					04A29BC61B6A3CE6006E6120 = {
						CreatedOnToolsVersion = 6.1;
						TestTargetID = 04A29BAD1B6A3CE5006E6120;
					};
				};
			};
			buildConfigurationList = 04A29BA91B6A3CE5006E6120 /* Build configuration list for PBXProject "WDCSliderDemo" */;
			compatibilityVersion = "Xcode 3.2";
			developmentRegion = English;
			hasScannedForEncodings = 0;
			knownRegions = (
				en,
				Base,
			);
			mainGroup = 04A29BA51B6A3CE5006E6120;
			productRefGroup = 04A29BAF1B6A3CE5006E6120 /* Products */;
			projectDirPath = "";
			projectRoot = "";
			targets = (
				04A29BAD1B6A3CE5006E6120 /* WDCSliderDemo */,
				04A29BC61B6A3CE6006E6120 /* WDCSliderDemoTests */,
			);
		};
/* End PBXProject section */

/* Begin PBXResourcesBuildPhase section */
		04A29BAC1B6A3CE5006E6120 /* Resources */ = {
			isa = PBXResourcesBuildPhase;
			buildActionMask = 2147483647;
			files = (
				04A29BBD1B6A3CE5006E6120 /* Main.storyboard in Resources */,
				04A29BC21B6A3CE5006E6120 /* LaunchScreen.xib in Resources */,
				04A29BBF1B6A3CE5006E6120 /* Images.xcassets in Resources */,
			);
			runOnlyForDeploymentPostprocessing = 0;
		};
		04A29BC51B6A3CE6006E6120 /* Resources */ = {
			isa = PBXResourcesBuildPhase;
			buildActionMask = 2147483647;
			files = (
			);
			runOnlyForDeploymentPostprocessing = 0;
		};
/* End PBXResourcesBuildPhase section */

/* Begin PBXSourcesBuildPhase section */
		04A29BAA1B6A3CE5006E6120 /* Sources */ = {
			isa = PBXSourcesBuildPhase;
			buildActionMask = 2147483647;
			files = (
				04A29BBA1B6A3CE5006E6120 /* ViewController.m in Sources */,
				04A29BB71B6A3CE5006E6120 /* AppDelegate.m in Sources */,
				04A29BB41B6A3CE5006E6120 /* main.m in Sources */,
			);
			runOnlyForDeploymentPostprocessing = 0;
		};
		04A29BC31B6A3CE6006E6120 /* Sources */ = {
			isa = PBXSourcesBuildPhase;
			buildActionMask = 2147483647;
			files = (
				04A29BCE1B6A3CE6006E6120 /* WDCSliderDemoTests.m in Sources */,
			);
			runOnlyForDeploymentPostprocessing = 0;
		};
/* End PBXSourcesBuildPhase section */

/* Begin PBXTargetDependency section */
		04A29BC91B6A3CE6006E6120 /* PBXTargetDependency */ = {
			isa = PBXTargetDependency;
			target = 04A29BAD1B6A3CE5006E6120 /* WDCSliderDemo */;
			targetProxy = 04A29BC81B6A3CE6006E6120 /* PBXContainerItemProxy */;
		};
/* End PBXTargetDependency section */

/* Begin PBXVariantGroup section */
		04A29BBB1B6A3CE5006E6120 /* Main.storyboard */ = {
			isa = PBXVariantGroup;
			children = (
				04A29BBC1B6A3CE5006E6120 /* Base */,
			);
			name = Main.storyboard;
			sourceTree = "<group>";
		};
		04A29BC01B6A3CE5006E6120 /* LaunchScreen.xib */ = {
			isa = PBXVariantGroup;
			children = (
				04A29BC11B6A3CE5006E6120 /* Base */,
			);
			name = LaunchScreen.xib;
			sourceTree = "<group>";
		};
/* End PBXVariantGroup section */

/* Begin XCBuildConfiguration section */
		04A29BCF1B6A3CE6006E6120 /* Debug */ = {
			isa = XCBuildConfiguration;
			buildSettings = {
				ALWAYS_SEARCH_USER_PATHS = NO;
				CLANG_CXX_LANGUAGE_STANDARD = "gnu++0x";
				CLANG_CXX_LIBRARY = "libc++";
				CLANG_ENABLE_MODULES = YES;
				CLANG_ENABLE_OBJC_ARC = YES;
				CLANG_WARN_BOOL_CONVERSION = YES;
				CLANG_WARN_CONSTANT_CONVERSION = YES;
				CLANG_WARN_DIRECT_OBJC_ISA_USAGE = YES_ERROR;
				CLANG_WARN_EMPTY_BODY = YES;
				CLANG_WARN_ENUM_CONVERSION = YES;
				CLANG_WARN_INT_CONVERSION = YES;
				CLANG_WARN_OBJC_ROOT_CLASS = YES_ERROR;
				CLANG_WARN_UNREACHABLE_CODE = YES;
				CLANG_WARN__DUPLICATE_METHOD_MATCH = YES;
				"CODE_SIGN_IDENTITY[sdk=iphoneos*]" = "iPhone Developer";
				COPY_PHASE_STRIP = NO;
				ENABLE_STRICT_OBJC_MSGSEND = YES;
				GCC_C_LANGUAGE_STANDARD = gnu99;
				GCC_DYNAMIC_NO_PIC = NO;
				GCC_OPTIMIZATION_LEVEL = 0;
				GCC_PREPROCESSOR_DEFINITIONS = (
					"DEBUG=1",
					"$(inherited)",
				);
				GCC_SYMBOLS_PRIVATE_EXTERN = NO;
				GCC_WARN_64_TO_32_BIT_CONVERSION = YES;
				GCC_WARN_ABOUT_RETURN_TYPE = YES_ERROR;
				GCC_WARN_UNDECLARED_SELECTOR = YES;
				GCC_WARN_UNINITIALIZED_AUTOS = YES_AGGRESSIVE;
				GCC_WARN_UNUSED_FUNCTION = YES;
				GCC_WARN_UNUSED_VARIABLE = YES;
				IPHONEOS_DEPLOYMENT_TARGET = 8.1;
				MTL_ENABLE_DEBUG_INFO = YES;
				ONLY_ACTIVE_ARCH = YES;
				SDKROOT = iphoneos;
			};
			name = Debug;
		};
		04A29BD01B6A3CE6006E6120 /* Release */ = {
			isa = XCBuildConfiguration;
			buildSettings = {
				ALWAYS_SEARCH_USER_PATHS = NO;
				CLANG_CXX_LANGUAGE_STANDARD = "gnu++0x";
				CLANG_CXX_LIBRARY = "libc++";
				CLANG_ENABLE_MODULES = YES;
				CLANG_ENABLE_OBJC_ARC = YES;
				CLANG_WARN_BOOL_CONVERSION = YES;
				CLANG_WARN_CONSTANT_CONVERSION = YES;
				CLANG_WARN_DIRECT_OBJC_ISA_USAGE = YES_ERROR;
				CLANG_WARN_EMPTY_BODY = YES;
				CLANG_WARN_ENUM_CONVERSION = YES;
				CLANG_WARN_INT_CONVERSION = YES;
				CLANG_WARN_OBJC_ROOT_CLASS = YES_ERROR;
				CLANG_WARN_UNREACHABLE_CODE = YES;
				CLANG_WARN__DUPLICATE_METHOD_MATCH = YES;
				"CODE_SIGN_IDENTITY[sdk=iphoneos*]" = "iPhone Developer";
				COPY_PHASE_STRIP = YES;
				ENABLE_NS_ASSERTIONS = NO;
				ENABLE_STRICT_OBJC_MSGSEND = YES;
				GCC_C_LANGUAGE_STANDARD = gnu99;
				GCC_WARN_64_TO_32_BIT_CONVERSION = YES;
				GCC_WARN_ABOUT_RETURN_TYPE = YES_ERROR;
				GCC_WARN_UNDECLARED_SELECTOR = YES;
				GCC_WARN_UNINITIALIZED_AUTOS = YES_AGGRESSIVE;
				GCC_WARN_UNUSED_FUNCTION = YES;
				GCC_WARN_UNUSED_VARIABLE = YES;
				IPHONEOS_DEPLOYMENT_TARGET = 8.1;
				MTL_ENABLE_DEBUG_INFO = NO;
				SDKROOT = iphoneos;
				VALIDATE_PRODUCT = YES;
			};
			name = Release;
		};
		04A29BD21B6A3CE6006E6120 /* Debug */ = {
			isa = XCBuildConfiguration;
			buildSettings = {
				ASSETCATALOG_COMPILER_APPICON_NAME = AppIcon;
				INFOPLIST_FILE = WDCSliderDemo/Info.plist;
				LD_RUNPATH_SEARCH_PATHS = "$(inherited) @executable_path/Frameworks";
				PRODUCT_NAME = "$(TARGET_NAME)";
			};
			name = Debug;
		};
		04A29BD31B6A3CE6006E6120 /* Release */ = {
			isa = XCBuildConfiguration;
			buildSettings = {
				ASSETCATALOG_COMPILER_APPICON_NAME = AppIcon;
				INFOPLIST_FILE = WDCSliderDemo/Info.plist;
				LD_RUNPATH_SEARCH_PATHS = "$(inherited) @executable_path/Frameworks";
				PRODUCT_NAME = "$(TARGET_NAME)";
			};
			name = Release;
		};
		04A29BD51B6A3CE6006E6120 /* Debug */ = {
			isa = XCBuildConfiguration;
			buildSettings = {
				BUNDLE_LOADER = "$(TEST_HOST)";
				FRAMEWORK_SEARCH_PATHS = (
					"$(SDKROOT)/Developer/Library/Frameworks",
					"$(inherited)",
				);
				GCC_PREPROCESSOR_DEFINITIONS = (
					"DEBUG=1",
					"$(inherited)",
				);
				INFOPLIST_FILE = WDCSliderDemoTests/Info.plist;
				LD_RUNPATH_SEARCH_PATHS = "$(inherited) @executable_path/Frameworks @loader_path/Frameworks";
				PRODUCT_NAME = "$(TARGET_NAME)";
				TEST_HOST = "$(BUILT_PRODUCTS_DIR)/WDCSliderDemo.app/WDCSliderDemo";
			};
			name = Debug;
		};
		04A29BD61B6A3CE6006E6120 /* Release */ = {
			isa = XCBuildConfiguration;
			buildSettings = {
				BUNDLE_LOADER = "$(TEST_HOST)";
				FRAMEWORK_SEARCH_PATHS = (
					"$(SDKROOT)/Developer/Library/Frameworks",
					"$(inherited)",
				);
				INFOPLIST_FILE = WDCSliderDemoTests/Info.plist;
				LD_RUNPATH_SEARCH_PATHS = "$(inherited) @executable_path/Frameworks @loader_path/Frameworks";
				PRODUCT_NAME = "$(TARGET_NAME)";
				TEST_HOST = "$(BUILT_PRODUCTS_DIR)/WDCSliderDemo.app/WDCSliderDemo";
			};
			name = Release;
		};
/* End XCBuildConfiguration section */

/* Begin XCConfigurationList section */
		04A29BA91B6A3CE5006E6120 /* Build configuration list for PBXProject "WDCSliderDemo" */ = {
			isa = XCConfigurationList;
			buildConfigurations = (
				04A29BCF1B6A3CE6006E6120 /* Debug */,
				04A29BD01B6A3CE6006E6120 /* Release */,
			);
			defaultConfigurationIsVisible = 0;
			defaultConfigurationName = Release;
		};
		04A29BD11B6A3CE6006E6120 /* Build configuration list for PBXNativeTarget "WDCSliderDemo" */ = {
			isa = XCConfigurationList;
			buildConfigurations = (
				04A29BD21B6A3CE6006E6120 /* Debug */,
				04A29BD31B6A3CE6006E6120 /* Release */,
			);
			defaultConfigurationIsVisible = 0;
		};
		04A29BD41B6A3CE6006E6120 /* Build configuration list for PBXNativeTarget "WDCSliderDemoTests" */ = {
			isa = XCConfigurationList;
			buildConfigurations = (
				04A29BD51B6A3CE6006E6120 /* Debug */,
				04A29BD61B6A3CE6006E6120 /* Release */,
			);
			defaultConfigurationIsVisible = 0;
		};
/* End XCConfigurationList section */
	};
	rootObject = 04A29BA61B6A3CE5006E6120 /* Project object */;
}
